
Microsoft Visual Studio Solution File, Format Version 12.00
# Visual Studio Version 17
VisualStudioVersion = 17.14.37012.4 d17.14
MinimumVisualStudioVersion = 10.0.40219.1
Project("{FAE04EC0-301F-11D3-BF4B-00C04F79EFBC}") = "Encyclopaedia.Web", "Encyclopaedia.Web\Encyclopaedia.Web.csproj", "{40091604-3408-4B9D-AEBE-072FBE840C92}"
EndProject
Project("{FAE04EC0-301F-11D3-BF4B-00C04F79EFBC}") = "Encyclopaedia.Core", "Encyclopaedia.Core\Encyclopaedia.Core.csproj", "{5A24BD72-F99D-4503-BDAA-1554A98479FA}"
EndProject
Project("{FAE04EC0-301F-11D3-BF4B-00C04F79EFBC}") = "Encyclopaedia.Data", "Encyclopaedia.Data\Encyclopaedia.Data.csproj", "{C6C87C3E-83E9-4AAB-962B-69361EE54A2B}"
EndProject
Project("{FAE04EC0-301F-11D3-BF4B-00C04F79EFBC}") = "Encyclopaedia.Services", "Encyclopaedia.Services\Encyclopaedia.Services.csproj", "{6A3E17C9-D5AB-4C33-84B6-7B9BAF8D94D9}"
EndProject
Project("{FAE04EC0-301F-11D3-BF4B-00C04F79EFBC}") = "Projet_de_test_xUnit", "Projet_de_test_xUnit\Projet_de_test_xUnit.csproj", "{8ABBDE68-26B6-4B19-A6FD-DADE5EA0F976}"
EndProject
Global
	GlobalSection(SolutionConfigurationPlatforms) = preSolution
		Debug|Any CPU = Debug|Any CPU
		Release|Any CPU = Release|Any CPU
	EndGlobalSection
	GlobalSection(ProjectConfigurationPlatforms) = postSolution
		{40091604-3408-4B9D-AEBE-072FBE840C92}.Debug|Any CPU.ActiveCfg = Debug|Any CPU
		{40091604-3408-4B9D-AEBE-072FBE840C92}.Debug|Any CPU.Build.0 = Debug|Any CPU
		{40091604-3408-4B9D-AEBE-072FBE840C92}.Release|Any CPU.ActiveCfg = Release|Any CPU
		{40091604-3408-4B9D-AEBE-072FBE840C92}.Release|Any CPU.Build.0 = Release|Any CPU
		{5A24BD72-F99D-4503-BDAA-1554A98479FA}.Debug|Any CPU.ActiveCfg = Debug|Any CPU
		{5A24BD72-F99D-4503-BDAA-1554A98479FA}.Debug|Any CPU.Build.0 = Debug|Any CPU
		{5A24BD72-F99D-4503-BDAA-1554A98479FA}.Release|Any CPU.ActiveCfg = Release|Any CPU
		{5A24BD72-F99D-4503-BDAA-1554A98479FA}.Release|Any CPU.Build.0 = Release|Any CPU
		{C6C87C3E-83E9-4AAB-962B-69361EE54A2B}.Debug|Any CPU.ActiveCfg = Debug|Any CPU
		{C6C87C3E-83E9-4AAB-962B-69361EE54A2B}.Debug|Any CPU.Build.0 = Debug|Any CPU
		{C6C87C3E-83E9-4AAB-962B-69361EE54A2B}.Release|Any CPU.ActiveCfg = Release|Any CPU
		{C6C87C3E-83E9-4AAB-962B-69361EE54A2B}.Release|Any CPU.Build.0 = Release|Any CPU
		{6A3E17C9-D5AB-4C33-84B6-7B9BAF8D94D9}.Debug|Any CPU.ActiveCfg = Debug|Any CPU
		{6A3E17C9-D5AB-4C33-84B6-7B9BAF8D94D9}.Debug|Any CPU.Build.0 = Debug|Any CPU
		{6A3E17C9-D5AB-4C33-84B6-7B9BAF8D94D9}.Release|Any CPU.ActiveCfg = Release|Any CPU
		{6A3E17C9-D5AB-4C33-84B6-7B9BAF8D94D9}.Release|Any CPU.Build.0 = Release|Any CPU
		{8ABBDE68-26B6-4B19-A6FD-DADE5EA0F976}.Debug|Any CPU.ActiveCfg = Debug|Any CPU
		{8ABBDE68-26B6-4B19-A6FD-DADE5EA0F976}.Debug|Any CPU.Build.0 = Debug|Any CPU
		{8ABBDE68-26B6-4B19-A6FD-DADE5EA0F976}.Release|Any CPU.ActiveCfg = Release|Any CPU
		{8ABBDE68-26B6-4B19-A6FD-DADE5EA0F976}.Release|Any CPU.Build.0 = Release|Any CPU
	EndGlobalSection
	GlobalSection(SolutionProperties) = preSolution
		HideSolutionNode = FALSE
	EndGlobalSection
	GlobalSection(ExtensibilityGlobals) = postSolution
		SolutionGuid = {60B1B62E-3F83-46B0-8607-B1B5FAC27C09}
	EndGlobalSection
EndGlobal
